{
  "name": "shuiqiutu",
  "version": "1.0.0",
  "lockfileVersion": 1,
  "requires": true,
  "dependencies": {
    "echarts": {
      "version": "4.2.1",
      "resolved": "http://registry.npm.taobao.org/echarts/download/echarts-4.2.1.tgz",
      "integrity": "sha1-mo6jsDNU+G+CTZdiXDNM8Wll7wM=",
      "requires": {
        "zrender": "4.0.7"
      }
    },
    "echarts-liquidfill": {
      "version": "2.0.4",
      "resolved": "http://registry.npm.taobao.org/echarts-liquidfill/download/echarts-liquidfill-2.0.4.tgz",
      "integrity": "sha1-bPnrVwFwcNoGQUlPIrj0RuQhrDE="
    },
    "zrender": {
      "version": "4.0.7",
      "resolved": "http://registry.npm.taobao.org/zrender/download/zrender-4.0.7.tgz",
      "integrity": "sha1-Fa6WCCL17+1BCZXTflEH/j3hDm0="
    }
  }
}
